{
  "name": "rotem-social",
  "lockfileVersion": 3,
  "requires": true,
  "packages": {
    "": {
      "name": "rotem-social",
      "dependencies": {
        "@zernio/node": "^0.2.1148"
      }
    },
    "node_modules/@zernio/node": {
      "version": "0.2.1148",
      "resolved": "https://registry.npmjs.org/@zernio/node/-/node-0.2.1148.tgz",
      "integrity": "sha512-tTPxY+/zw4rjZGF/GWRW+m/XIGyllUhlASn1e7T4TScz/Kdd4vIsmOgCltfECsUe1NC7dQLJ3AB+zV3OSmAlgA==",
      "license": "Apache-2.0",
      "engines": {
        "node": ">=18"
      }
    }
  }
}
